
Microsoft Visual Studio Solution File, Format Version 10.00
# Visual Studio 2008
Project("{54435603-DBB4-11D2-8724-00A0C9A8B90C}") = "winghciSetup", "winghciSetup\winghciSetup.vdproj", "{A6016F58-D7CB-4C00-B9A6-5824918B920D}"
EndProject
Global
	GlobalSection(SolutionConfigurationPlatforms) = preSolution
		Debug|Default = Debug|Default
		Release|Default = Release|Default
	EndGlobalSection
	GlobalSection(ProjectConfigurationPlatforms) = postSolution
		{A6016F58-D7CB-4C00-B9A6-5824918B920D}.Debug|Default.ActiveCfg = Release
		{A6016F58-D7CB-4C00-B9A6-5824918B920D}.Debug|Default.Build.0 = Release
		{A6016F58-D7CB-4C00-B9A6-5824918B920D}.Release|Default.ActiveCfg = Release
		{A6016F58-D7CB-4C00-B9A6-5824918B920D}.Release|Default.Build.0 = Release
	EndGlobalSection
	GlobalSection(SolutionProperties) = preSolution
		HideSolutionNode = FALSE
	EndGlobalSection
EndGlobal
